// !$*UTF8*$!
{
	archiveVersion = 1;
	classes = {
	};
	objectVersion = 46;
	objects = {

/* Begin PBXBuildFile section */
		4E3A43DB1D2B4F870056CEA1 /* AppDelegate.swift in Sources */ = {isa = PBXBuildFile; fileRef = 4E3A43DA1D2B4F870056CEA1 /* AppDelegate.swift */; };
		4E3A43DE1D2B4F870056CEA1 /* Project2.xcdatamodeld in Sources */ = {isa = PBXBuildFile; fileRef = 4E3A43DC1D2B4F870056CEA1 /* Project2.xcdatamodeld */; };
		4E3A43E01D2B4F870056CEA1 /* MasterViewController.swift in Sources */ = {isa = PBXBuildFile; fileRef = 4E3A43DF1D2B4F870056CEA1 /* MasterViewController.swift */; };
		4E3A43E21D2B4F870056CEA1 /* DetailViewController.swift in Sources */ = {isa = PBXBuildFile; fileRef = 4E3A43E11D2B4F870056CEA1 /* DetailViewController.swift */; };
		4E3A43E51D2B4F870056CEA1 /* Main.storyboard in Resources */ = {isa = PBXBuildFile; fileRef = 4E3A43E31D2B4F870056CEA1 /* Main.storyboard */; };
		4E3A43E71D2B4F870056CEA1 /* Assets.xcassets in Resources */ = {isa = PBXBuildFile; fileRef = 4E3A43E61D2B4F870056CEA1 /* Assets.xcassets */; };
		4E3A43EA1D2B4F870056CEA1 /* LaunchScreen.storyboard in Resources */ = {isa = PBXBuildFile; fileRef = 4E3A43E81D2B4F870056CEA1 /* LaunchScreen.storyboard */; };
		4E3A43F51D2B4F870056CEA1 /* Project2Tests.swift in Sources */ = {isa = PBXBuildFile; fileRef = 4E3A43F41D2B4F870056CEA1 /* Project2Tests.swift */; };
		4E3A44001D2B4F870056CEA1 /* Project2UITests.swift in Sources */ = {isa = PBXBuildFile; fileRef = 4E3A43FF1D2B4F870056CEA1 /* Project2UITests.swift */; };
/* End PBXBuildFile section */

/* Begin PBXContainerItemProxy section */
		4E3A43F11D2B4F870056CEA1 /* PBXContainerItemProxy */ = {
			isa = PBXContainerItemProxy;
			containerPortal = 4E3A43CF1D2B4F870056CEA1 /* Project object */;
			proxyType = 1;
			remoteGlobalIDString = 4E3A43D61D2B4F870056CEA1;
			remoteInfo = Project2;
		};
		4E3A43FC1D2B4F870056CEA1 /* PBXContainerItemProxy */ = {
			isa = PBXContainerItemProxy;
			containerPortal = 4E3A43CF1D2B4F870056CEA1 /* Project object */;
			proxyType = 1;
			remoteGlobalIDString = 4E3A43D61D2B4F870056CEA1;
			remoteInfo = Project2;
		};
/* End PBXContainerItemProxy section */

/* Begin PBXFileReference section */
		4E3A43D71D2B4F870056CEA1 /* Project2.app */ = {isa = PBXFileReference; explicitFileType = wrapper.application; includeInIndex = 0; path = Project2.app; sourceTree = BUILT_PRODUCTS_DIR; };
		4E3A43DA1D2B4F870056CEA1 /* AppDelegate.swift */ = {isa = PBXFileReference; lastKnownFileType = sourcecode.swift; path = AppDelegate.swift; sourceTree = "<group>"; };
		4E3A43DD1D2B4F870056CEA1 /* Project2.xcdatamodel */ = {isa = PBXFileReference; lastKnownFileType = wrapper.xcdatamodel; path = Project2.xcdatamodel; sourceTree = "<group>"; };
		4E3A43DF1D2B4F870056CEA1 /* MasterViewController.swift */ = {isa = PBXFileReference; lastKnownFileType = sourcecode.swift; path = MasterViewController.swift; sourceTree = "<group>"; };
		4E3A43E11D2B4F870056CEA1 /* DetailViewController.swift */ = {isa = PBXFileReference; lastKnownFileType = sourcecode.swift; path = DetailViewController.swift; sourceTree = "<group>"; };
		4E3A43E41D2B4F870056CEA1 /* Base */ = {isa = PBXFileReference; lastKnownFileType = file.storyboard; name = Base; path = Base.lproj/Main.storyboard; sourceTree = "<group>"; };
		4E3A43E61D2B4F870056CEA1 /* Assets.xcassets */ = {isa = PBXFileReference; lastKnownFileType = folder.assetcatalog; path = Assets.xcassets; sourceTree = "<group>"; };
		4E3A43E91D2B4F870056CEA1 /* Base */ = {isa = PBXFileReference; lastKnownFileType = file.storyboard; name = Base; path = Base.lproj/LaunchScreen.storyboard; sourceTree = "<group>"; };
		4E3A43EB1D2B4F870056CEA1 /* Info.plist */ = {isa = PBXFileReference; lastKnownFileType = text.plist.xml; path = Info.plist; sourceTree = "<group>"; };
		4E3A43F01D2B4F870056CEA1 /* Project2Tests.xctest */ = {isa = PBXFileReference; explicitFileType = wrapper.cfbundle; includeInIndex = 0; path = Project2Tests.xctest; sourceTree = BUILT_PRODUCTS_DIR; };
		4E3A43F41D2B4F870056CEA1 /* Project2Tests.swift */ = {isa = PBXFileReference; lastKnownFileType = sourcecode.swift; path = Project2Tests.swift; sourceTree = "<group>"; };
		4E3A43F61D2B4F870056CEA1 /* Info.plist */ = {isa = PBXFileReference; lastKnownFileType = text.plist.xml; path = Info.plist; sourceTree = "<group>"; };
		4E3A43FB1D2B4F870056CEA1 /* Project2UITests.xctest */ = {isa = PBXFileReference; explicitFileType = wrapper.cfbundle; includeInIndex = 0; path = Project2UITests.xctest; sourceTree = BUILT_PRODUCTS_DIR; };
		4E3A43FF1D2B4F870056CEA1 /* Project2UITests.swift */ = {isa = PBXFileReference; lastKnownFileType = sourcecode.swift; path = Project2UITests.swift; sourceTree = "<group>"; };
		4E3A44011D2B4F870056CEA1 /* Info.plist */ = {isa = PBXFileReference; lastKnownFileType = text.plist.xml; path = Info.plist; sourceTree = "<group>"; };
/* End PBXFileReference section */

/* Begin PBXFrameworksBuildPhase section */
		4E3A43D41D2B4F870056CEA1 /* Frameworks */ = {
			isa = PBXFrameworksBuildPhase;
			buildActionMask = 2147483647;
			files = (
			);
			runOnlyForDeploymentPostprocessing = 0;
		};
		4E3A43ED1D2B4F870056CEA1 /* Frameworks */ = {
			isa = PBXFrameworksBuildPhase;
			buildActionMask = 2147483647;
			files = (
			);
			runOnlyForDeploymentPostprocessing = 0;
		};
		4E3A43F81D2B4F870056CEA1 /* Frameworks */ = {
			isa = PBXFrameworksBuildPhase;
			buildActionMask = 2147483647;
			files = (
			);
			runOnlyForDeploymentPostprocessing = 0;
		};
/* End PBXFrameworksBuildPhase section */

/* Begin PBXGroup section */
		4E3A43CE1D2B4F870056CEA1 = {
			isa = PBXGroup;
			children = (
				4E3A43D91D2B4F870056CEA1 /* Project2 */,
				4E3A43F31D2B4F870056CEA1 /* Project2Tests */,
				4E3A43FE1D2B4F870056CEA1 /* Project2UITests */,
				4E3A43D81D2B4F870056CEA1 /* Products */,
			);
			sourceTree = "<group>";
		};
		4E3A43D81D2B4F870056CEA1 /* Products */ = {
			isa = PBXGroup;
			children = (
				4E3A43D71D2B4F870056CEA1 /* Project2.app */,
				4E3A43F01D2B4F870056CEA1 /* Project2Tests.xctest */,
				4E3A43FB1D2B4F870056CEA1 /* Project2UITests.xctest */,
			);
			name = Products;
			sourceTree = "<group>";
		};
		4E3A43D91D2B4F870056CEA1 /* Project2 */ = {
			isa = PBXGroup;
			children = (
				4E3A43DA1D2B4F870056CEA1 /* AppDelegate.swift */,
				4E3A43DF1D2B4F870056CEA1 /* MasterViewController.swift */,
				4E3A43E11D2B4F870056CEA1 /* DetailViewController.swift */,
				4E3A43E31D2B4F870056CEA1 /* Main.storyboard */,
				4E3A43E61D2B4F870056CEA1 /* Assets.xcassets */,
				4E3A43E81D2B4F870056CEA1 /* LaunchScreen.storyboard */,
				4E3A43EB1D2B4F870056CEA1 /* Info.plist */,
				4E3A43DC1D2B4F870056CEA1 /* Project2.xcdatamodeld */,
			);
			path = Project2;
			sourceTree = "<group>";
		};
		4E3A43F31D2B4F870056CEA1 /* Project2Tests */ = {
			isa = PBXGroup;
			children = (
				4E3A43F41D2B4F870056CEA1 /* Project2Tests.swift */,
				4E3A43F61D2B4F870056CEA1 /* Info.plist */,
			);
			path = Project2Tests;
			sourceTree = "<group>";
		};
		4E3A43FE1D2B4F870056CEA1 /* Project2UITests */ = {
			isa = PBXGroup;
			children = (
				4E3A43FF1D2B4F870056CEA1 /* Project2UITests.swift */,
				4E3A44011D2B4F870056CEA1 /* Info.plist */,
			);
			path = Project2UITests;
			sourceTree = "<group>";
		};
/* End PBXGroup section */

/* Begin PBXNativeTarget section */
		4E3A43D61D2B4F870056CEA1 /* Project2 */ = {
			isa = PBXNativeTarget;
			buildConfigurationList = 4E3A44041D2B4F870056CEA1 /* Build configuration list for PBXNativeTarget "Project2" */;
			buildPhases = (
				4E3A43D31D2B4F870056CEA1 /* Sources */,
				4E3A43D41D2B4F870056CEA1 /* Frameworks */,
				4E3A43D51D2B4F870056CEA1 /* Resources */,
			);
			buildRules = (
			);
			dependencies = (
			);
			name = Project2;
			productName = Project2;
			productReference = 4E3A43D71D2B4F870056CEA1 /* Project2.app */;
			productType = "com.apple.product-type.application";
		};
		4E3A43EF1D2B4F870056CEA1 /* Project2Tests */ = {
			isa = PBXNativeTarget;
			buildConfigurationList = 4E3A44071D2B4F870056CEA1 /* Build configuration list for PBXNativeTarget "Project2Tests" */;
			buildPhases = (
				4E3A43EC1D2B4F870056CEA1 /* Sources */,
				4E3A43ED1D2B4F870056CEA1 /* Frameworks */,
				4E3A43EE1D2B4F870056CEA1 /* Resources */,
			);
			buildRules = (
			);
			dependencies = (
				4E3A43F21D2B4F870056CEA1 /* PBXTargetDependency */,
			);
			name = Project2Tests;
			productName = Project2Tests;
			productReference = 4E3A43F01D2B4F870056CEA1 /* Project2Tests.xctest */;
			productType = "com.apple.product-type.bundle.unit-test";
		};
		4E3A43FA1D2B4F870056CEA1 /* Project2UITests */ = {
			isa = PBXNativeTarget;
			buildConfigurationList = 4E3A440A1D2B4F870056CEA1 /* Build configuration list for PBXNativeTarget "Project2UITests" */;
			buildPhases = (
				4E3A43F71D2B4F870056CEA1 /* Sources */,
				4E3A43F81D2B4F870056CEA1 /* Frameworks */,
				4E3A43F91D2B4F870056CEA1 /* Resources */,
			);
			buildRules = (
			);
			dependencies = (
				4E3A43FD1D2B4F870056CEA1 /* PBXTargetDependency */,
			);
			name = Project2UITests;
			productName = Project2UITests;
			productReference = 4E3A43FB1D2B4F870056CEA1 /* Project2UITests.xctest */;
			productType = "com.apple.product-type.bundle.ui-testing";
		};
/* End PBXNativeTarget section */

/* Begin PBXProject section */
		4E3A43CF1D2B4F870056CEA1 /* Project object */ = {
			isa = PBXProject;
			attributes = {
				LastSwiftUpdateCheck = 0730;
				LastUpgradeCheck = 0730;
				ORGANIZATIONNAME = zzj;
				TargetAttributes = {
					4E3A43D61D2B4F870056CEA1 = {
						CreatedOnToolsVersion = 7.3.1;
					};
					4E3A43EF1D2B4F870056CEA1 = {
						CreatedOnToolsVersion = 7.3.1;
						TestTargetID = 4E3A43D61D2B4F870056CEA1;
					};
					4E3A43FA1D2B4F870056CEA1 = {
						CreatedOnToolsVersion = 7.3.1;
						TestTargetID = 4E3A43D61D2B4F870056CEA1;
					};
				};
			};
			buildConfigurationList = 4E3A43D21D2B4F870056CEA1 /* Build configuration list for PBXProject "Project2" */;
			compatibilityVersion = "Xcode 3.2";
			developmentRegion = English;
			hasScannedForEncodings = 0;
			knownRegions = (
				en,
				Base,
			);
			mainGroup = 4E3A43CE1D2B4F870056CEA1;
			productRefGroup = 4E3A43D81D2B4F870056CEA1 /* Products */;
			projectDirPath = "";
			projectRoot = "";
			targets = (
				4E3A43D61D2B4F870056CEA1 /* Project2 */,
				4E3A43EF1D2B4F870056CEA1 /* Project2Tests */,
				4E3A43FA1D2B4F870056CEA1 /* Project2UITests */,
			);
		};
/* End PBXProject section */

/* Begin PBXResourcesBuildPhase section */
		4E3A43D51D2B4F870056CEA1 /* Resources */ = {
			isa = PBXResourcesBuildPhase;
			buildActionMask = 2147483647;
			files = (
				4E3A43EA1D2B4F870056CEA1 /* LaunchScreen.storyboard in Resources */,
				4E3A43E71D2B4F870056CEA1 /* Assets.xcassets in Resources */,
				4E3A43E51D2B4F870056CEA1 /* Main.storyboard in Resources */,
			);
			runOnlyForDeploymentPostprocessing = 0;
		};
		4E3A43EE1D2B4F870056CEA1 /* Resources */ = {
			isa = PBXResourcesBuildPhase;
			buildActionMask = 2147483647;
			files = (
			);
			runOnlyForDeploymentPostprocessing = 0;
		};
		4E3A43F91D2B4F870056CEA1 /* Resources */ = {
			isa = PBXResourcesBuildPhase;
			buildActionMask = 2147483647;
			files = (
			);
			runOnlyForDeploymentPostprocessing = 0;
		};
/* End PBXResourcesBuildPhase section */

/* Begin PBXSourcesBuildPhase section */
		4E3A43D31D2B4F870056CEA1 /* Sources */ = {
			isa = PBXSourcesBuildPhase;
			buildActionMask = 2147483647;
			files = (
				4E3A43DE1D2B4F870056CEA1 /* Project2.xcdatamodeld in Sources */,
				4E3A43DB1D2B4F870056CEA1 /* AppDelegate.swift in Sources */,
				4E3A43E01D2B4F870056CEA1 /* MasterViewController.swift in Sources */,
				4E3A43E21D2B4F870056CEA1 /* DetailViewController.swift in Sources */,
			);
			runOnlyForDeploymentPostprocessing = 0;
		};
		4E3A43EC1D2B4F870056CEA1 /* Sources */ = {
			isa = PBXSourcesBuildPhase;
			buildActionMask = 2147483647;
			files = (
				4E3A43F51D2B4F870056CEA1 /* Project2Tests.swift in Sources */,
			);
			runOnlyForDeploymentPostprocessing = 0;
		};
		4E3A43F71D2B4F870056CEA1 /* Sources */ = {
			isa = PBXSourcesBuildPhase;
			buildActionMask = 2147483647;
			files = (
				4E3A44001D2B4F870056CEA1 /* Project2UITests.swift in Sources */,
			);
			runOnlyForDeploymentPostprocessing = 0;
		};
/* End PBXSourcesBuildPhase section */

/* Begin PBXTargetDependency section */
		4E3A43F21D2B4F870056CEA1 /* PBXTargetDependency */ = {
			isa = PBXTargetDependency;
			target = 4E3A43D61D2B4F870056CEA1 /* Project2 */;
			targetProxy = 4E3A43F11D2B4F870056CEA1 /* PBXContainerItemProxy */;
		};
		4E3A43FD1D2B4F870056CEA1 /* PBXTargetDependency */ = {
			isa = PBXTargetDependency;
			target = 4E3A43D61D2B4F870056CEA1 /* Project2 */;
			targetProxy = 4E3A43FC1D2B4F870056CEA1 /* PBXContainerItemProxy */;
		};
/* End PBXTargetDependency section */

/* Begin PBXVariantGroup section */
		4E3A43E31D2B4F870056CEA1 /* Main.storyboard */ = {
			isa = PBXVariantGroup;
			children = (
				4E3A43E41D2B4F870056CEA1 /* Base */,
			);
			name = Main.storyboard;
			sourceTree = "<group>";
		};
		4E3A43E81D2B4F870056CEA1 /* LaunchScreen.storyboard */ = {
			isa = PBXVariantGroup;
			children = (
				4E3A43E91D2B4F870056CEA1 /* Base */,
			);
			name = LaunchScreen.storyboard;
			sourceTree = "<group>";
		};
/* End PBXVariantGroup section */

/* Begin XCBuildConfiguration section */
		4E3A44021D2B4F870056CEA1 /* Debug */ = {
			isa = XCBuildConfiguration;
			buildSettings = {
				ALWAYS_SEARCH_USER_PATHS = NO;
				CLANG_ANALYZER_NONNULL = YES;
				CLANG_CXX_LANGUAGE_STANDARD = "gnu++0x";
				CLANG_CXX_LIBRARY = "libc++";
				CLANG_ENABLE_MODULES = YES;
				CLANG_ENABLE_OBJC_ARC = YES;
				CLANG_WARN_BOOL_CONVERSION = YES;
				CLANG_WARN_CONSTANT_CONVERSION = YES;
				CLANG_WARN_DIRECT_OBJC_ISA_USAGE = YES_ERROR;
				CLANG_WARN_EMPTY_BODY = YES;
				CLANG_WARN_ENUM_CONVERSION = YES;
				CLANG_WARN_INT_CONVERSION = YES;
				CLANG_WARN_OBJC_ROOT_CLASS = YES_ERROR;
				CLANG_WARN_UNREACHABLE_CODE = YES;
				CLANG_WARN__DUPLICATE_METHOD_MATCH = YES;
				"CODE_SIGN_IDENTITY[sdk=iphoneos*]" = "iPhone Developer";
				COPY_PHASE_STRIP = NO;
				DEBUG_INFORMATION_FORMAT = dwarf;
				ENABLE_STRICT_OBJC_MSGSEND = YES;
				ENABLE_TESTABILITY = YES;
				GCC_C_LANGUAGE_STANDARD = gnu99;
				GCC_DYNAMIC_NO_PIC = NO;
				GCC_NO_COMMON_BLOCKS = YES;
				GCC_OPTIMIZATION_LEVEL = 0;
				GCC_PREPROCESSOR_DEFINITIONS = (
					"DEBUG=1",
					"$(inherited)",
				);
				GCC_WARN_64_TO_32_BIT_CONVERSION = YES;
				GCC_WARN_ABOUT_RETURN_TYPE = YES_ERROR;
				GCC_WARN_UNDECLARED_SELECTOR = YES;
				GCC_WARN_UNINITIALIZED_AUTOS = YES_AGGRESSIVE;
				GCC_WARN_UNUSED_FUNCTION = YES;
				GCC_WARN_UNUSED_VARIABLE = YES;
				IPHONEOS_DEPLOYMENT_TARGET = 9.3;
				MTL_ENABLE_DEBUG_INFO = YES;
				ONLY_ACTIVE_ARCH = YES;
				SDKROOT = iphoneos;
				SWIFT_OPTIMIZATION_LEVEL = "-Onone";
				TARGETED_DEVICE_FAMILY = "1,2";
			};
			name = Debug;
		};
		4E3A44031D2B4F870056CEA1 /* Release */ = {
			isa = XCBuildConfiguration;
			buildSettings = {
				ALWAYS_SEARCH_USER_PATHS = NO;
				CLANG_ANALYZER_NONNULL = YES;
				CLANG_CXX_LANGUAGE_STANDARD = "gnu++0x";
				CLANG_CXX_LIBRARY = "libc++";
				CLANG_ENABLE_MODULES = YES;
				CLANG_ENABLE_OBJC_ARC = YES;
				CLANG_WARN_BOOL_CONVERSION = YES;
				CLANG_WARN_CONSTANT_CONVERSION = YES;
				CLANG_WARN_DIRECT_OBJC_ISA_USAGE = YES_ERROR;
				CLANG_WARN_EMPTY_BODY = YES;
				CLANG_WARN_ENUM_CONVERSION = YES;
				CLANG_WARN_INT_CONVERSION = YES;
				CLANG_WARN_OBJC_ROOT_CLASS = YES_ERROR;
				CLANG_WARN_UNREACHABLE_CODE = YES;
				CLANG_WARN__DUPLICATE_METHOD_MATCH = YES;
				"CODE_SIGN_IDENTITY[sdk=iphoneos*]" = "iPhone Developer";
				COPY_PHASE_STRIP = NO;
				DEBUG_INFORMATION_FORMAT = "dwarf-with-dsym";
				ENABLE_NS_ASSERTIONS = NO;
				ENABLE_STRICT_OBJC_MSGSEND = YES;
				GCC_C_LANGUAGE_STANDARD = gnu99;
				GCC_NO_COMMON_BLOCKS = YES;
				GCC_WARN_64_TO_32_BIT_CONVERSION = YES;
				GCC_WARN_ABOUT_RETURN_TYPE = YES_ERROR;
				GCC_WARN_UNDECLARED_SELECTOR = YES;
				GCC_WARN_UNINITIALIZED_AUTOS = YES_AGGRESSIVE;
				GCC_WARN_UNUSED_FUNCTION = YES;
				GCC_WARN_UNUSED_VARIABLE = YES;
				IPHONEOS_DEPLOYMENT_TARGET = 9.3;
				MTL_ENABLE_DEBUG_INFO = NO;
				SDKROOT = iphoneos;
				TARGETED_DEVICE_FAMILY = "1,2";
				VALIDATE_PRODUCT = YES;
			};
			name = Release;
		};
		4E3A44051D2B4F870056CEA1 /* Debug */ = {
			isa = XCBuildConfiguration;
			buildSettings = {
				ASSETCATALOG_COMPILER_APPICON_NAME = AppIcon;
				INFOPLIST_FILE = Project2/Info.plist;
				LD_RUNPATH_SEARCH_PATHS = "$(inherited) @executable_path/Frameworks";
				PRODUCT_BUNDLE_IDENTIFIER = com.zzj.Project2;
				PRODUCT_NAME = "$(TARGET_NAME)";
			};
			name = Debug;
		};
		4E3A44061D2B4F870056CEA1 /* Release */ = {
			isa = XCBuildConfiguration;
			buildSettings = {
				ASSETCATALOG_COMPILER_APPICON_NAME = AppIcon;
				INFOPLIST_FILE = Project2/Info.plist;
				LD_RUNPATH_SEARCH_PATHS = "$(inherited) @executable_path/Frameworks";
				PRODUCT_BUNDLE_IDENTIFIER = com.zzj.Project2;
				PRODUCT_NAME = "$(TARGET_NAME)";
			};
			name = Release;
		};
		4E3A44081D2B4F870056CEA1 /* Debug */ = {
			isa = XCBuildConfiguration;
			buildSettings = {
				BUNDLE_LOADER = "$(TEST_HOST)";
				INFOPLIST_FILE = Project2Tests/Info.plist;
				LD_RUNPATH_SEARCH_PATHS = "$(inherited) @executable_path/Frameworks @loader_path/Frameworks";
				PRODUCT_BUNDLE_IDENTIFIER = com.zzj.Project2Tests;
				PRODUCT_NAME = "$(TARGET_NAME)";
				TEST_HOST = "$(BUILT_PRODUCTS_DIR)/Project2.app/Project2";
			};
			name = Debug;
		};
		4E3A44091D2B4F870056CEA1 /* Release */ = {
			isa = XCBuildConfiguration;
			buildSettings = {
				BUNDLE_LOADER = "$(TEST_HOST)";
				INFOPLIST_FILE = Project2Tests/Info.plist;
				LD_RUNPATH_SEARCH_PATHS = "$(inherited) @executable_path/Frameworks @loader_path/Frameworks";
				PRODUCT_BUNDLE_IDENTIFIER = com.zzj.Project2Tests;
				PRODUCT_NAME = "$(TARGET_NAME)";
				TEST_HOST = "$(BUILT_PRODUCTS_DIR)/Project2.app/Project2";
			};
			name = Release;
		};
		4E3A440B1D2B4F870056CEA1 /* Debug */ = {
			isa = XCBuildConfiguration;
			buildSettings = {
				INFOPLIST_FILE = Project2UITests/Info.plist;
				LD_RUNPATH_SEARCH_PATHS = "$(inherited) @executable_path/Frameworks @loader_path/Frameworks";
				PRODUCT_BUNDLE_IDENTIFIER = com.zzj.Project2UITests;
				PRODUCT_NAME = "$(TARGET_NAME)";
				TEST_TARGET_NAME = Project2;
			};
			name = Debug;
		};
		4E3A440C1D2B4F870056CEA1 /* Release */ = {
			isa = XCBuildConfiguration;
			buildSettings = {
				INFOPLIST_FILE = Project2UITests/Info.plist;
				LD_RUNPATH_SEARCH_PATHS = "$(inherited) @executable_path/Frameworks @loader_path/Frameworks";
				PRODUCT_BUNDLE_IDENTIFIER = com.zzj.Project2UITests;
				PRODUCT_NAME = "$(TARGET_NAME)";
				TEST_TARGET_NAME = Project2;
			};
			name = Release;
		};
/* End XCBuildConfiguration section */

/* Begin XCConfigurationList section */
		4E3A43D21D2B4F870056CEA1 /* Build configuration list for PBXProject "Project2" */ = {
			isa = XCConfigurationList;
			buildConfigurations = (
				4E3A44021D2B4F870056CEA1 /* Debug */,
				4E3A44031D2B4F870056CEA1 /* Release */,
			);
			defaultConfigurationIsVisible = 0;
			defaultConfigurationName = Release;
		};
		4E3A44041D2B4F870056CEA1 /* Build configuration list for PBXNativeTarget "Project2" */ = {
			isa = XCConfigurationList;
			buildConfigurations = (
				4E3A44051D2B4F870056CEA1 /* Debug */,
				4E3A44061D2B4F870056CEA1 /* Release */,
			);
			defaultConfigurationIsVisible = 0;
		};
		4E3A44071D2B4F870056CEA1 /* Build configuration list for PBXNativeTarget "Project2Tests" */ = {
			isa = XCConfigurationList;
			buildConfigurations = (
				4E3A44081D2B4F870056CEA1 /* Debug */,
				4E3A44091D2B4F870056CEA1 /* Release */,
			);
			defaultConfigurationIsVisible = 0;
		};
		4E3A440A1D2B4F870056CEA1 /* Build configuration list for PBXNativeTarget "Project2UITests" */ = {
			isa = XCConfigurationList;
			buildConfigurations = (
				4E3A440B1D2B4F870056CEA1 /* Debug */,
				4E3A440C1D2B4F870056CEA1 /* Release */,
			);
			defaultConfigurationIsVisible = 0;
		};
/* End XCConfigurationList section */

/* Begin XCVersionGroup section */
		4E3A43DC1D2B4F870056CEA1 /* Project2.xcdatamodeld */ = {
			isa = XCVersionGroup;
			children = (
				4E3A43DD1D2B4F870056CEA1 /* Project2.xcdatamodel */,
			);
			currentVersion = 4E3A43DD1D2B4F870056CEA1 /* Project2.xcdatamodel */;
			path = Project2.xcdatamodeld;
			sourceTree = "<group>";
			versionGroupType = wrapper.xcdatamodel;
		};
/* End XCVersionGroup section */
	};
	rootObject = 4E3A43CF1D2B4F870056CEA1 /* Project object */;
}
